# This is a Gradle generated file for dependency locking.
# Manual edits can break the build and are not advised.
# This file is expected to be part of source control.
androidx.annotation:annotation-experimental:1.4.1=debugCompileClasspath,debugRuntimeClasspath,debugUnitTestCompileClasspath,debugUnitTestRuntimeClasspath,releaseRuntimeClasspath
androidx.annotation:annotation-jvm:1.8.1=debugCompileClasspath,debugRuntimeClasspath,debugUnitTestCompileClasspath,debugUnitTestRuntimeClasspath,releaseRuntimeClasspath
androidx.annotation:annotation:1.8.1=debugCompileClasspath,debugRuntimeClasspath,debugUnitTestCompileClasspath,debugUnitTestRuntimeClasspath,releaseRuntimeClasspath
androidx.arch.core:core-common:2.2.0=debugCompileClasspath,debugRuntimeClasspath,debugUnitTestCompileClasspath,debugUnitTestRuntimeClasspath,releaseRuntimeClasspath
androidx.arch.core:core-runtime:2.2.0=debugRuntimeClasspath,debugUnitTestRuntimeClasspath,releaseRuntimeClasspath
androidx.collection:collection-jvm:1.4.2=debugCompileClasspath,debugRuntimeClasspath,debugUnitTestCompileClasspath,debugUnitTestRuntimeClasspath,releaseRuntimeClasspath
androidx.collection:collection:1.4.2=debugCompileClasspath,debugRuntimeClasspath,debugUnitTestCompileClasspath,debugUnitTestRuntimeClasspath,releaseRuntimeClasspath
androidx.concurrent:concurrent-futures:1.1.0=debugRuntimeClasspath,debugUnitTestRuntimeClasspath,releaseRuntimeClasspath
androidx.core:core-ktx:1.17.0=debugCompileClasspath,debugRuntimeClasspath,debugUnitTestCompileClasspath,debugUnitTestRuntimeClasspath,releaseRuntimeClasspath
androidx.core:core-viewtree:1.0.0=debugCompileClasspath,debugRuntimeClasspath,debugUnitTestCompileClasspath,debugUnitTestRuntimeClasspath,releaseRuntimeClasspath
androidx.core:core:1.17.0=debugCompileClasspath,debugRuntimeClasspath,debugUnitTestCompileClasspath,debugUnitTestRuntimeClasspath,releaseRuntimeClasspath
androidx.interpolator:interpolator:1.0.0=debugRuntimeClasspath,debugUnitTestRuntimeClasspath,releaseRuntimeClasspath
androidx.lifecycle:lifecycle-common:2.6.2=debugCompileClasspath,debugRuntimeClasspath,debugUnitTestCompileClasspath,debugUnitTestRuntimeClasspath,releaseRuntimeClasspath
androidx.lifecycle:lifecycle-runtime:2.6.2=debugCompileClasspath,debugRuntimeClasspath,debugUnitTestCompileClasspath,debugUnitTestRuntimeClasspath,releaseRuntimeClasspath
androidx.profileinstaller:profileinstaller:1.3.0=debugRuntimeClasspath,debugUnitTestRuntimeClasspath,releaseRuntimeClasspath
androidx.startup:startup-runtime:1.1.1=debugRuntimeClasspath,debugUnitTestRuntimeClasspath,releaseRuntimeClasspath
androidx.test.espresso:espresso-idling-resource:3.7.0=debugUnitTestRuntimeClasspath
androidx.test:monitor:1.8.0=debugUnitTestCompileClasspath,debugUnitTestRuntimeClasspath
androidx.tracing:tracing:1.2.0=debugRuntimeClasspath,debugUnitTestRuntimeClasspath,releaseRuntimeClasspath
androidx.versionedparcelable:versionedparcelable:1.1.1=debugCompileClasspath,debugRuntimeClasspath,debugUnitTestCompileClasspath,debugUnitTestRuntimeClasspath,releaseRuntimeClasspath
com.almworks.sqlite4java:sqlite4java:1.0.392=debugUnitTestCompileClasspath,debugUnitTestRuntimeClasspath
com.google.auto.value:auto-value-annotations:1.11.0=debugUnitTestCompileClasspath,debugUnitTestRuntimeClasspath
com.google.errorprone:error_prone_annotation:2.41.0=debugUnitTestRuntimeClasspath
com.google.errorprone:error_prone_annotations:2.36.0=debugUnitTestCompileClasspath,debugUnitTestRuntimeClasspath
com.google.guava:failureaccess:1.0.3=debugUnitTestCompileClasspath,debugUnitTestRuntimeClasspath
com.google.guava:guava:33.4.8-jre=debugUnitTestCompileClasspath,debugUnitTestRuntimeClasspath
com.google.guava:listenablefuture:1.0=debugCompileClasspath,debugRuntimeClasspath,releaseRuntimeClasspath
com.google.guava:listenablefuture:9999.0-empty-to-avoid-conflict-with-guava=debugUnitTestCompileClasspath,debugUnitTestRuntimeClasspath
com.google.j2objc:j2objc-annotations:3.0.0=debugUnitTestCompileClasspath,debugUnitTestRuntimeClasspath
com.google.testparameterinjector:test-parameter-injector:1.18=debugUnitTestRuntimeClasspath
com.ibm.icu:icu4j:77.1=debugUnitTestCompileClasspath,debugUnitTestRuntimeClasspath
com.typesafe:config:1.4.9=debugCompileClasspath,debugRuntimeClasspath,debugUnitTestCompileClasspath,debugUnitTestRuntimeClasspath,releaseRuntimeClasspath
io.ktor:ktor-client-apache5-jvm:3.5.2=debugUnitTestCompileClasspath,debugUnitTestRuntimeClasspath
io.ktor:ktor-client-apache5:3.5.2=debugUnitTestCompileClasspath,debugUnitTestRuntimeClasspath
io.ktor:ktor-client-cio-jvm:3.5.2=debugUnitTestCompileClasspath,debugUnitTestRuntimeClasspath
io.ktor:ktor-client-cio:3.5.2=debugUnitTestCompileClasspath,debugUnitTestRuntimeClasspath
io.ktor:ktor-client-core-jvm:3.5.2=debugUnitTestCompileClasspath,debugUnitTestRuntimeClasspath
io.ktor:ktor-client-core:3.5.2=debugUnitTestCompileClasspath,debugUnitTestRuntimeClasspath
io.ktor:ktor-events-jvm:3.5.2=debugCompileClasspath,debugRuntimeClasspath,debugUnitTestCompileClasspath,debugUnitTestRuntimeClasspath,releaseRuntimeClasspath
io.ktor:ktor-events:3.5.2=debugCompileClasspath,debugRuntimeClasspath,debugUnitTestCompileClasspath,debugUnitTestRuntimeClasspath,releaseRuntimeClasspath
io.ktor:ktor-http-cio-jvm:3.5.2=debugCompileClasspath,debugRuntimeClasspath,debugUnitTestCompileClasspath,debugUnitTestRuntimeClasspath,releaseRuntimeClasspath
io.ktor:ktor-http-cio:3.5.2=debugCompileClasspath,debugRuntimeClasspath,debugUnitTestCompileClasspath,debugUnitTestRuntimeClasspath,releaseRuntimeClasspath
io.ktor:ktor-http-jvm:3.5.2=debugCompileClasspath,debugRuntimeClasspath,debugUnitTestCompileClasspath,debugUnitTestRuntimeClasspath,releaseRuntimeClasspath
io.ktor:ktor-http:3.5.2=debugCompileClasspath,debugRuntimeClasspath,debugUnitTestCompileClasspath,debugUnitTestRuntimeClasspath,releaseRuntimeClasspath
io.ktor:ktor-io-jvm:3.5.2=debugCompileClasspath,debugRuntimeClasspath,debugUnitTestCompileClasspath,debugUnitTestRuntimeClasspath,releaseRuntimeClasspath
io.ktor:ktor-io:3.5.2=debugCompileClasspath,debugRuntimeClasspath,debugUnitTestCompileClasspath,debugUnitTestRuntimeClasspath,releaseRuntimeClasspath
io.ktor:ktor-network-jvm:3.5.2=debugCompileClasspath,debugRuntimeClasspath,debugUnitTestCompileClasspath,debugUnitTestRuntimeClasspath,releaseRuntimeClasspath
io.ktor:ktor-network-tls-certificates-jvm:3.5.2=debugUnitTestCompileClasspath,debugUnitTestRuntimeClasspath
io.ktor:ktor-network-tls-certificates:3.5.2=debugUnitTestCompileClasspath,debugUnitTestRuntimeClasspath
io.ktor:ktor-network-tls-jvm:3.5.2=debugUnitTestCompileClasspath,debugUnitTestRuntimeClasspath
io.ktor:ktor-network-tls:3.5.2=debugUnitTestCompileClasspath,debugUnitTestRuntimeClasspath
io.ktor:ktor-network:3.5.2=debugCompileClasspath,debugRuntimeClasspath,debugUnitTestCompileClasspath,debugUnitTestRuntimeClasspath,releaseRuntimeClasspath
io.ktor:ktor-serialization-jvm:3.5.2=debugCompileClasspath,debugRuntimeClasspath,debugUnitTestCompileClasspath,debugUnitTestRuntimeClasspath,releaseRuntimeClasspath
io.ktor:ktor-serialization:3.5.2=debugCompileClasspath,debugRuntimeClasspath,debugUnitTestCompileClasspath,debugUnitTestRuntimeClasspath,releaseRuntimeClasspath
io.ktor:ktor-server-call-logging-jvm:3.5.2=debugUnitTestCompileClasspath,debugUnitTestRuntimeClasspath
io.ktor:ktor-server-call-logging:3.5.2=debugUnitTestCompileClasspath,debugUnitTestRuntimeClasspath
io.ktor:ktor-server-cio-jvm:3.5.2=debugCompileClasspath,debugRuntimeClasspath,debugUnitTestCompileClasspath,debugUnitTestRuntimeClasspath,releaseRuntimeClasspath
io.ktor:ktor-server-cio:3.5.2=debugCompileClasspath,debugRuntimeClasspath,debugUnitTestCompileClasspath,debugUnitTestRuntimeClasspath,releaseRuntimeClasspath
io.ktor:ktor-server-core-jvm:3.5.2=debugCompileClasspath,debugRuntimeClasspath,debugUnitTestCompileClasspath,debugUnitTestRuntimeClasspath,releaseRuntimeClasspath
io.ktor:ktor-server-core:3.5.2=debugCompileClasspath,debugRuntimeClasspath,debugUnitTestCompileClasspath,debugUnitTestRuntimeClasspath,releaseRuntimeClasspath
io.ktor:ktor-server-test-host-jvm:3.5.2=debugUnitTestCompileClasspath,debugUnitTestRuntimeClasspath
io.ktor:ktor-server-test-host:3.5.2=debugUnitTestCompileClasspath,debugUnitTestRuntimeClasspath
io.ktor:ktor-server-websockets-jvm:3.5.2=debugUnitTestCompileClasspath,debugUnitTestRuntimeClasspath
io.ktor:ktor-server-websockets:3.5.2=debugUnitTestCompileClasspath,debugUnitTestRuntimeClasspath
io.ktor:ktor-sse-jvm:3.5.2=debugUnitTestCompileClasspath,debugUnitTestRuntimeClasspath
io.ktor:ktor-sse:3.5.2=debugUnitTestCompileClasspath,debugUnitTestRuntimeClasspath
io.ktor:ktor-test-dispatcher-jvm:3.5.2=debugUnitTestCompileClasspath,debugUnitTestRuntimeClasspath
io.ktor:ktor-test-dispatcher:3.5.2=debugUnitTestCompileClasspath,debugUnitTestRuntimeClasspath
io.ktor:ktor-utils-jvm:3.5.2=debugCompileClasspath,debugRuntimeClasspath,debugUnitTestCompileClasspath,debugUnitTestRuntimeClasspath,releaseRuntimeClasspath
io.ktor:ktor-utils:3.5.2=debugCompileClasspath,debugRuntimeClasspath,debugUnitTestCompileClasspath,debugUnitTestRuntimeClasspath,releaseRuntimeClasspath
io.ktor:ktor-websocket-serialization-jvm:3.5.2=debugUnitTestCompileClasspath,debugUnitTestRuntimeClasspath
io.ktor:ktor-websocket-serialization:3.5.2=debugUnitTestCompileClasspath,debugUnitTestRuntimeClasspath
io.ktor:ktor-websockets-jvm:3.5.2=debugCompileClasspath,debugRuntimeClasspath,debugUnitTestCompileClasspath,debugUnitTestRuntimeClasspath,releaseRuntimeClasspath
io.ktor:ktor-websockets:3.5.2=debugCompileClasspath,debugRuntimeClasspath,debugUnitTestCompileClasspath,debugUnitTestRuntimeClasspath,releaseRuntimeClasspath
javax.annotation:javax.annotation-api:1.3.2=debugUnitTestCompileClasspath,debugUnitTestRuntimeClasspath
javax.inject:javax.inject:1=debugUnitTestCompileClasspath,debugUnitTestRuntimeClasspath
junit:junit:4.13.2=debugUnitTestCompileClasspath,debugUnitTestRuntimeClasspath
net.bytebuddy:byte-buddy-agent:1.17.6=debugUnitTestRuntimeClasspath
net.bytebuddy:byte-buddy:1.17.6=debugUnitTestRuntimeClasspath
net.java.dev.jna:jna-platform:5.9.0=debugUnitTestRuntimeClasspath
net.java.dev.jna:jna:5.9.0=debugUnitTestRuntimeClasspath
org.apache.httpcomponents.client5:httpclient5:5.5.1=debugUnitTestCompileClasspath,debugUnitTestRuntimeClasspath
org.apache.httpcomponents.core5:httpcore5-h2:5.3.6=debugUnitTestCompileClasspath,debugUnitTestRuntimeClasspath
org.apache.httpcomponents.core5:httpcore5:5.3.6=debugUnitTestCompileClasspath,debugUnitTestRuntimeClasspath
org.bouncycastle:bcprov-jdk18on:1.81=debugUnitTestCompileClasspath,debugUnitTestRuntimeClasspath
org.conscrypt:conscrypt-openjdk-uber:2.5.2=debugUnitTestRuntimeClasspath
org.fusesource.jansi:jansi:2.4.3=debugUnitTestRuntimeClasspath
org.hamcrest:hamcrest-core:1.3=debugUnitTestCompileClasspath,debugUnitTestRuntimeClasspath
org.jetbrains.kotlin:kotlin-build-tools-api:2.3.21=kotlinBuildToolsApiClasspath
org.jetbrains.kotlin:kotlin-build-tools-compat:2.3.21=kotlinBuildToolsApiClasspath
org.jetbrains.kotlin:kotlin-build-tools-cri-impl:2.3.21=kotlinBuildToolsApiClasspath
org.jetbrains.kotlin:kotlin-build-tools-impl:2.3.21=kotlinBuildToolsApiClasspath
org.jetbrains.kotlin:kotlin-compiler-embeddable:2.3.21=kotlinBuildToolsApiClasspath
org.jetbrains.kotlin:kotlin-compiler-runner:2.3.21=kotlinBuildToolsApiClasspath
org.jetbrains.kotlin:kotlin-daemon-client:2.3.21=kotlinBuildToolsApiClasspath
org.jetbrains.kotlin:kotlin-daemon-embeddable:2.3.21=kotlinBuildToolsApiClasspath
org.jetbrains.kotlin:kotlin-reflect:1.6.10=kotlinBuildToolsApiClasspath
org.jetbrains.kotlin:kotlin-reflect:2.3.21=debugCompileClasspath,debugRuntimeClasspath,debugUnitTestCompileClasspath,debugUnitTestRuntimeClasspath,releaseRuntimeClasspath
org.jetbrains.kotlin:kotlin-script-runtime:2.3.21=kotlinBuildToolsApiClasspath
org.jetbrains.kotlin:kotlin-stdlib:2.3.21=debugCompileClasspath,debugRuntimeClasspath,debugUnitTestCompileClasspath,debugUnitTestRuntimeClasspath,kotlinBuildToolsApiClasspath,releaseRuntimeClasspath
org.jetbrains.kotlin:kotlin-tooling-core:2.3.21=kotlinBuildToolsApiClasspath
org.jetbrains.kotlinx:kotlinx-coroutines-android:1.11.0=debugCompileClasspath,debugRuntimeClasspath,debugUnitTestCompileClasspath,debugUnitTestRuntimeClasspath,releaseRuntimeClasspath
org.jetbrains.kotlinx:kotlinx-coroutines-bom:1.11.0=debugCompileClasspath,debugRuntimeClasspath,debugUnitTestCompileClasspath,debugUnitTestRuntimeClasspath,releaseRuntimeClasspath
org.jetbrains.kotlinx:kotlinx-coroutines-core-jvm:1.11.0=debugCompileClasspath,debugRuntimeClasspath,debugUnitTestCompileClasspath,debugUnitTestRuntimeClasspath,releaseRuntimeClasspath
org.jetbrains.kotlinx:kotlinx-coroutines-core-jvm:1.8.0=kotlinBuildToolsApiClasspath
org.jetbrains.kotlinx:kotlinx-coroutines-core:1.11.0=debugCompileClasspath,debugRuntimeClasspath,debugUnitTestCompileClasspath,debugUnitTestRuntimeClasspath,releaseRuntimeClasspath
org.jetbrains.kotlinx:kotlinx-coroutines-debug:1.11.0=debugUnitTestRuntimeClasspath
org.jetbrains.kotlinx:kotlinx-coroutines-slf4j:1.11.0=debugUnitTestRuntimeClasspath
org.jetbrains.kotlinx:kotlinx-coroutines-test-jvm:1.11.0=debugUnitTestCompileClasspath,debugUnitTestRuntimeClasspath
org.jetbrains.kotlinx:kotlinx-coroutines-test:1.11.0=debugUnitTestCompileClasspath,debugUnitTestRuntimeClasspath
org.jetbrains.kotlinx:kotlinx-io-bytestring-jvm:0.9.1=debugCompileClasspath,debugRuntimeClasspath,debugUnitTestCompileClasspath,debugUnitTestRuntimeClasspath,releaseRuntimeClasspath
org.jetbrains.kotlinx:kotlinx-io-bytestring:0.9.1=debugCompileClasspath,debugRuntimeClasspath,debugUnitTestCompileClasspath,debugUnitTestRuntimeClasspath,releaseRuntimeClasspath
org.jetbrains.kotlinx:kotlinx-io-core-jvm:0.9.1=debugCompileClasspath,debugRuntimeClasspath,debugUnitTestCompileClasspath,debugUnitTestRuntimeClasspath,releaseRuntimeClasspath
org.jetbrains.kotlinx:kotlinx-io-core:0.9.1=debugCompileClasspath,debugRuntimeClasspath,debugUnitTestCompileClasspath,debugUnitTestRuntimeClasspath,releaseRuntimeClasspath
org.jetbrains.kotlinx:kotlinx-serialization-bom:1.11.0=debugCompileClasspath,debugRuntimeClasspath,debugUnitTestCompileClasspath,debugUnitTestRuntimeClasspath,releaseRuntimeClasspath
org.jetbrains.kotlinx:kotlinx-serialization-core-jvm:1.11.0=debugCompileClasspath,debugRuntimeClasspath,debugUnitTestCompileClasspath,debugUnitTestRuntimeClasspath,releaseRuntimeClasspath
org.jetbrains.kotlinx:kotlinx-serialization-core:1.11.0=debugCompileClasspath,debugRuntimeClasspath,debugUnitTestCompileClasspath,debugUnitTestRuntimeClasspath,releaseRuntimeClasspath
org.jetbrains.kotlinx:kotlinx-serialization-json-jvm:1.11.0=debugCompileClasspath,debugRuntimeClasspath,debugUnitTestCompileClasspath,debugUnitTestRuntimeClasspath,releaseRuntimeClasspath
org.jetbrains.kotlinx:kotlinx-serialization-json:1.11.0=debugCompileClasspath,debugRuntimeClasspath,debugUnitTestCompileClasspath,debugUnitTestRuntimeClasspath,releaseRuntimeClasspath
org.jetbrains:annotations:13.0=kotlinBuildToolsApiClasspath
org.jetbrains:annotations:23.0.0=debugCompileClasspath,debugRuntimeClasspath,debugUnitTestCompileClasspath,debugUnitTestRuntimeClasspath,releaseRuntimeClasspath
org.jspecify:jspecify:1.0.0=debugCompileClasspath,debugRuntimeClasspath,debugUnitTestCompileClasspath,debugUnitTestRuntimeClasspath,releaseRuntimeClasspath
org.ow2.asm:asm-commons:9.8=debugUnitTestCompileClasspath,debugUnitTestRuntimeClasspath
org.ow2.asm:asm-tree:9.8=debugUnitTestCompileClasspath,debugUnitTestRuntimeClasspath
org.ow2.asm:asm:9.8=debugUnitTestCompileClasspath,debugUnitTestRuntimeClasspath
org.robolectric:annotations:4.16.1=debugUnitTestCompileClasspath,debugUnitTestRuntimeClasspath
org.robolectric:junit:4.16.1=debugUnitTestCompileClasspath,debugUnitTestRuntimeClasspath
org.robolectric:nativeruntime-dist-compat:1.0.18=debugUnitTestRuntimeClasspath
org.robolectric:nativeruntime:4.16.1=debugUnitTestCompileClasspath,debugUnitTestRuntimeClasspath
org.robolectric:pluginapi:4.16.1=debugUnitTestCompileClasspath,debugUnitTestRuntimeClasspath
org.robolectric:plugins-maven-dependency-resolver:4.16.1=debugUnitTestCompileClasspath,debugUnitTestRuntimeClasspath
org.robolectric:resources:4.16.1=debugUnitTestCompileClasspath,debugUnitTestRuntimeClasspath
org.robolectric:robolectric:4.16.1=debugUnitTestCompileClasspath,debugUnitTestRuntimeClasspath
org.robolectric:sandbox:4.16.1=debugUnitTestCompileClasspath,debugUnitTestRuntimeClasspath
org.robolectric:shadowapi:4.16.1=debugUnitTestCompileClasspath,debugUnitTestRuntimeClasspath
org.robolectric:shadows-framework:4.16.1=debugUnitTestCompileClasspath,debugUnitTestRuntimeClasspath
org.robolectric:utils-reflector:4.16.1=debugUnitTestCompileClasspath,debugUnitTestRuntimeClasspath
org.robolectric:utils:4.16.1=debugUnitTestCompileClasspath,debugUnitTestRuntimeClasspath
org.slf4j:slf4j-api:2.0.18=debugCompileClasspath,debugRuntimeClasspath,debugUnitTestCompileClasspath,debugUnitTestRuntimeClasspath,releaseRuntimeClasspath
org.yaml:snakeyaml:2.4=debugUnitTestRuntimeClasspath
empty=androidApis,androidJdkImage,debugAnnotationProcessorClasspath,debugReverseMetadataValues,debugUnitTestAnnotationProcessorClasspath,kotlinCompilerPluginClasspathDebug,kotlinCompilerPluginClasspathDebugUnitTest
